
Microsoft Visual Studio Solution File, Format Version 12.00
# Visual Studio Version 16
VisualStudioVersion = 16.0.32126.315
MinimumVisualStudioVersion = 10.0.40219.1
Project("{FAE04EC0-301F-11D3-BF4B-00C04F79EFBC}") = "PitmanTraining", "PitmanTraining\PitmanTraining.csproj", "{8D4B66EF-9BE1-48D1-8F10-86521544B691}"
EndProject
Global
	GlobalSection(SolutionConfigurationPlatforms) = preSolution
		Debug|Any CPU = Debug|Any CPU
		Release|Any CPU = Release|Any CPU
	EndGlobalSection
	GlobalSection(ProjectConfigurationPlatforms) = postSolution
		{8D4B66EF-9BE1-48D1-8F10-86521544B691}.Debug|Any CPU.ActiveCfg = Debug|Any CPU
		{8D4B66EF-9BE1-48D1-8F10-86521544B691}.Debug|Any CPU.Build.0 = Debug|Any CPU
		{8D4B66EF-9BE1-48D1-8F10-86521544B691}.Release|Any CPU.ActiveCfg = Release|Any CPU
		{8D4B66EF-9BE1-48D1-8F10-86521544B691}.Release|Any CPU.Build.0 = Release|Any CPU
	EndGlobalSection
	GlobalSection(SolutionProperties) = preSolution
		HideSolutionNode = FALSE
	EndGlobalSection
	GlobalSection(ExtensibilityGlobals) = postSolution
		SolutionGuid = {7EAA8EE1-BCB5-46E3-9DF7-92F5B148BC58}
	EndGlobalSection
EndGlobal
